// !$*UTF8*$!
{
	archiveVersion = 1;
	classes = {
	};
	objectVersion = 46;
	objects = {

/* Begin PBXBuildFile section */
		91635A5730D845B1A8B0A7CA /* libPods-FashionKred.a in Frameworks */ = {isa = PBXBuildFile; fileRef = 55003203F1E7453DB7F89DF0 /* libPods-FashionKred.a */; };
		932DAC5E194A8CA000758B5E /* FHLooksViewController.m in Sources */ = {isa = PBXBuildFile; fileRef = 932DAC4B194A8CA000758B5E /* FHLooksViewController.m */; };
		932DAC5F194A8CA000758B5E /* LookCell.m in Sources */ = {isa = PBXBuildFile; fileRef = 932DAC4E194A8CA000758B5E /* LookCell.m */; };
		932DAC60194A8CA000758B5E /* LookCell.xib in Resources */ = {isa = PBXBuildFile; fileRef = 932DAC4F194A8CA000758B5E /* LookCell.xib */; };
		932DAC61194A8CA000758B5E /* FHUserLook.m in Sources */ = {isa = PBXBuildFile; fileRef = 932DAC52194A8CA000758B5E /* FHUserLook.m */; };
		932DAC62194A8CA000758B5E /* FHLookCreator.m in Sources */ = {isa = PBXBuildFile; fileRef = 932DAC54194A8CA000758B5E /* FHLookCreator.m */; };
		932DAC63194A8CA000758B5E /* FHLookTag.m in Sources */ = {isa = PBXBuildFile; fileRef = 932DAC56194A8CA000758B5E /* FHLookTag.m */; };
		932DAC64194A8CA000758B5E /* FHProduct.m in Sources */ = {isa = PBXBuildFile; fileRef = 932DAC58194A8CA000758B5E /* FHProduct.m */; };
		932DAC65194A8CA000758B5E /* GetLooksClient.m in Sources */ = {isa = PBXBuildFile; fileRef = 932DAC5B194A8CA000758B5E /* GetLooksClient.m */; };
		932DAC66194A8CA000758B5E /* LookParser.m in Sources */ = {isa = PBXBuildFile; fileRef = 932DAC5D194A8CA000758B5E /* LookParser.m */; };
		932DAC68194A93E500758B5E /* License.txt in Resources */ = {isa = PBXBuildFile; fileRef = 932DAC67194A93E500758B5E /* License.txt */; };
		93B7F63B19479AD60034D19B /* Foundation.framework in Frameworks */ = {isa = PBXBuildFile; fileRef = 93B7F63A19479AD60034D19B /* Foundation.framework */; };
		93B7F63D19479AD60034D19B /* CoreGraphics.framework in Frameworks */ = {isa = PBXBuildFile; fileRef = 93B7F63C19479AD60034D19B /* CoreGraphics.framework */; };
		93B7F63F19479AD60034D19B /* UIKit.framework in Frameworks */ = {isa = PBXBuildFile; fileRef = 93B7F63E19479AD60034D19B /* UIKit.framework */; };
		93B7F64519479AD60034D19B /* InfoPlist.strings in Resources */ = {isa = PBXBuildFile; fileRef = 93B7F64319479AD60034D19B /* InfoPlist.strings */; };
		93B7F64719479AD60034D19B /* main.m in Sources */ = {isa = PBXBuildFile; fileRef = 93B7F64619479AD60034D19B /* main.m */; };
		93B7F64B19479AD60034D19B /* AppDelegate.m in Sources */ = {isa = PBXBuildFile; fileRef = 93B7F64A19479AD60034D19B /* AppDelegate.m */; };
		93B7F64E19479AD60034D19B /* Main.storyboard in Resources */ = {isa = PBXBuildFile; fileRef = 93B7F64C19479AD60034D19B /* Main.storyboard */; };
		93B7F65319479AD60034D19B /* Images.xcassets in Resources */ = {isa = PBXBuildFile; fileRef = 93B7F65219479AD60034D19B /* Images.xcassets */; };
/* End PBXBuildFile section */

/* Begin PBXFileReference section */
		55003203F1E7453DB7F89DF0 /* libPods-FashionKred.a */ = {isa = PBXFileReference; explicitFileType = archive.ar; includeInIndex = 0; path = "libPods-FashionKred.a"; sourceTree = BUILT_PRODUCTS_DIR; };
		932738FB1962A2EA00233733 /* FashionKred-Prefix.pch */ = {isa = PBXFileReference; fileEncoding = 4; lastKnownFileType = sourcecode.c.h; path = "FashionKred-Prefix.pch"; sourceTree = "<group>"; };
		932DAC4A194A8CA000758B5E /* FHLooksViewController.h */ = {isa = PBXFileReference; fileEncoding = 4; lastKnownFileType = sourcecode.c.h; path = FHLooksViewController.h; sourceTree = "<group>"; };
		932DAC4B194A8CA000758B5E /* FHLooksViewController.m */ = {isa = PBXFileReference; fileEncoding = 4; lastKnownFileType = sourcecode.c.objc; path = FHLooksViewController.m; sourceTree = "<group>"; };
		932DAC4D194A8CA000758B5E /* LookCell.h */ = {isa = PBXFileReference; fileEncoding = 4; lastKnownFileType = sourcecode.c.h; path = LookCell.h; sourceTree = "<group>"; };
		932DAC4E194A8CA000758B5E /* LookCell.m */ = {isa = PBXFileReference; fileEncoding = 4; lastKnownFileType = sourcecode.c.objc; path = LookCell.m; sourceTree = "<group>"; };
		932DAC4F194A8CA000758B5E /* LookCell.xib */ = {isa = PBXFileReference; fileEncoding = 4; lastKnownFileType = file.xib; path = LookCell.xib; sourceTree = "<group>"; };
		932DAC51194A8CA000758B5E /* FHUserLook.h */ = {isa = PBXFileReference; fileEncoding = 4; lastKnownFileType = sourcecode.c.h; path = FHUserLook.h; sourceTree = "<group>"; };
		932DAC52194A8CA000758B5E /* FHUserLook.m */ = {isa = PBXFileReference; fileEncoding = 4; lastKnownFileType = sourcecode.c.objc; path = FHUserLook.m; sourceTree = "<group>"; };
		932DAC53194A8CA000758B5E /* FHLookCreator.h */ = {isa = PBXFileReference; fileEncoding = 4; lastKnownFileType = sourcecode.c.h; path = FHLookCreator.h; sourceTree = "<group>"; };
		932DAC54194A8CA000758B5E /* FHLookCreator.m */ = {isa = PBXFileReference; fileEncoding = 4; lastKnownFileType = sourcecode.c.objc; path = FHLookCreator.m; sourceTree = "<group>"; };
		932DAC55194A8CA000758B5E /* FHLookTag.h */ = {isa = PBXFileReference; fileEncoding = 4; lastKnownFileType = sourcecode.c.h; path = FHLookTag.h; sourceTree = "<group>"; };
		932DAC56194A8CA000758B5E /* FHLookTag.m */ = {isa = PBXFileReference; fileEncoding = 4; lastKnownFileType = sourcecode.c.objc; path = FHLookTag.m; sourceTree = "<group>"; };
		932DAC57194A8CA000758B5E /* FHProduct.h */ = {isa = PBXFileReference; fileEncoding = 4; lastKnownFileType = sourcecode.c.h; path = FHProduct.h; sourceTree = "<group>"; };
		932DAC58194A8CA000758B5E /* FHProduct.m */ = {isa = PBXFileReference; fileEncoding = 4; lastKnownFileType = sourcecode.c.objc; path = FHProduct.m; sourceTree = "<group>"; };
		932DAC5A194A8CA000758B5E /* GetLooksClient.h */ = {isa = PBXFileReference; fileEncoding = 4; lastKnownFileType = sourcecode.c.h; path = GetLooksClient.h; sourceTree = "<group>"; };
		932DAC5B194A8CA000758B5E /* GetLooksClient.m */ = {isa = PBXFileReference; fileEncoding = 4; lastKnownFileType = sourcecode.c.objc; path = GetLooksClient.m; sourceTree = "<group>"; };
		932DAC5C194A8CA000758B5E /* LookParser.h */ = {isa = PBXFileReference; fileEncoding = 4; lastKnownFileType = sourcecode.c.h; path = LookParser.h; sourceTree = "<group>"; };
		932DAC5D194A8CA000758B5E /* LookParser.m */ = {isa = PBXFileReference; fileEncoding = 4; lastKnownFileType = sourcecode.c.objc; path = LookParser.m; sourceTree = "<group>"; };
		932DAC67194A93E500758B5E /* License.txt */ = {isa = PBXFileReference; fileEncoding = 4; lastKnownFileType = text; path = License.txt; sourceTree = "<group>"; };
		93B7F63719479AD60034D19B /* FashionKred.app */ = {isa = PBXFileReference; explicitFileType = wrapper.application; includeInIndex = 0; path = FashionKred.app; sourceTree = BUILT_PRODUCTS_DIR; };
		93B7F63A19479AD60034D19B /* Foundation.framework */ = {isa = PBXFileReference; lastKnownFileType = wrapper.framework; name = Foundation.framework; path = System/Library/Frameworks/Foundation.framework; sourceTree = SDKROOT; };
		93B7F63C19479AD60034D19B /* CoreGraphics.framework */ = {isa = PBXFileReference; lastKnownFileType = wrapper.framework; name = CoreGraphics.framework; path = System/Library/Frameworks/CoreGraphics.framework; sourceTree = SDKROOT; };
		93B7F63E19479AD60034D19B /* UIKit.framework */ = {isa = PBXFileReference; lastKnownFileType = wrapper.framework; name = UIKit.framework; path = System/Library/Frameworks/UIKit.framework; sourceTree = SDKROOT; };
		93B7F64219479AD60034D19B /* FashionKred-Info.plist */ = {isa = PBXFileReference; lastKnownFileType = text.plist.xml; path = "FashionKred-Info.plist"; sourceTree = "<group>"; };
		93B7F64419479AD60034D19B /* en */ = {isa = PBXFileReference; lastKnownFileType = text.plist.strings; name = en; path = en.lproj/InfoPlist.strings; sourceTree = "<group>"; };
		93B7F64619479AD60034D19B /* main.m */ = {isa = PBXFileReference; lastKnownFileType = sourcecode.c.objc; path = main.m; sourceTree = "<group>"; };
		93B7F64919479AD60034D19B /* AppDelegate.h */ = {isa = PBXFileReference; lastKnownFileType = sourcecode.c.h; path = AppDelegate.h; sourceTree = "<group>"; };
		93B7F64A19479AD60034D19B /* AppDelegate.m */ = {isa = PBXFileReference; lastKnownFileType = sourcecode.c.objc; path = AppDelegate.m; sourceTree = "<group>"; };
		93B7F64D19479AD60034D19B /* Base */ = {isa = PBXFileReference; lastKnownFileType = file.storyboard; name = Base; path = Base.lproj/Main.storyboard; sourceTree = "<group>"; };
		93B7F65219479AD60034D19B /* Images.xcassets */ = {isa = PBXFileReference; lastKnownFileType = folder.assetcatalog; path = Images.xcassets; sourceTree = "<group>"; };
		FF68B2B3E32B43588D0A239E /* Pods-FashionKred.xcconfig */ = {isa = PBXFileReference; includeInIndex = 1; lastKnownFileType = text.xcconfig; name = "Pods-FashionKred.xcconfig"; path = "Pods/Pods-FashionKred.xcconfig"; sourceTree = "<group>"; };
/* End PBXFileReference section */

/* Begin PBXFrameworksBuildPhase section */
		93B7F63419479AD60034D19B /* Frameworks */ = {
			isa = PBXFrameworksBuildPhase;
			buildActionMask = 2147483647;
			files = (
				93B7F63D19479AD60034D19B /* CoreGraphics.framework in Frameworks */,
				93B7F63F19479AD60034D19B /* UIKit.framework in Frameworks */,
				93B7F63B19479AD60034D19B /* Foundation.framework in Frameworks */,
				91635A5730D845B1A8B0A7CA /* libPods-FashionKred.a in Frameworks */,
			);
			runOnlyForDeploymentPostprocessing = 0;
		};
/* End PBXFrameworksBuildPhase section */

/* Begin PBXGroup section */
		932DAC49194A8CA000758B5E /* Controller */ = {
			isa = PBXGroup;
			children = (
				932DAC4A194A8CA000758B5E /* FHLooksViewController.h */,
				932DAC4B194A8CA000758B5E /* FHLooksViewController.m */,
			);
			path = Controller;
			sourceTree = "<group>";
		};
		932DAC4C194A8CA000758B5E /* CustomCell */ = {
			isa = PBXGroup;
			children = (
				932DAC4D194A8CA000758B5E /* LookCell.h */,
				932DAC4E194A8CA000758B5E /* LookCell.m */,
				932DAC4F194A8CA000758B5E /* LookCell.xib */,
			);
			path = CustomCell;
			sourceTree = "<group>";
		};
		932DAC50194A8CA000758B5E /* Model */ = {
			isa = PBXGroup;
			children = (
				932DAC51194A8CA000758B5E /* FHUserLook.h */,
				932DAC52194A8CA000758B5E /* FHUserLook.m */,
				932DAC53194A8CA000758B5E /* FHLookCreator.h */,
				932DAC54194A8CA000758B5E /* FHLookCreator.m */,
				932DAC55194A8CA000758B5E /* FHLookTag.h */,
				932DAC56194A8CA000758B5E /* FHLookTag.m */,
				932DAC57194A8CA000758B5E /* FHProduct.h */,
				932DAC58194A8CA000758B5E /* FHProduct.m */,
			);
			path = Model;
			sourceTree = "<group>";
		};
		932DAC59194A8CA000758B5E /* Utility */ = {
			isa = PBXGroup;
			children = (
				932DAC5A194A8CA000758B5E /* GetLooksClient.h */,
				932DAC5B194A8CA000758B5E /* GetLooksClient.m */,
				932DAC5C194A8CA000758B5E /* LookParser.h */,
				932DAC5D194A8CA000758B5E /* LookParser.m */,
			);
			path = Utility;
			sourceTree = "<group>";
		};
		93B7F62E19479AD60034D19B = {
			isa = PBXGroup;
			children = (
				93B7F64019479AD60034D19B /* FashionApp */,
				93B7F63919479AD60034D19B /* Frameworks */,
				93B7F63819479AD60034D19B /* Products */,
				FF68B2B3E32B43588D0A239E /* Pods-FashionKred.xcconfig */,
			);
			sourceTree = "<group>";
		};
		93B7F63819479AD60034D19B /* Products */ = {
			isa = PBXGroup;
			children = (
				93B7F63719479AD60034D19B /* FashionKred.app */,
			);
			name = Products;
			sourceTree = "<group>";
		};
		93B7F63919479AD60034D19B /* Frameworks */ = {
			isa = PBXGroup;
			children = (
				93B7F63A19479AD60034D19B /* Foundation.framework */,
				93B7F63C19479AD60034D19B /* CoreGraphics.framework */,
				93B7F63E19479AD60034D19B /* UIKit.framework */,
				55003203F1E7453DB7F89DF0 /* libPods-FashionKred.a */,
			);
			name = Frameworks;
			sourceTree = "<group>";
		};
		93B7F64019479AD60034D19B /* FashionApp */ = {
			isa = PBXGroup;
			children = (
				93B7F64919479AD60034D19B /* AppDelegate.h */,
				93B7F64A19479AD60034D19B /* AppDelegate.m */,
				93B7F64C19479AD60034D19B /* Main.storyboard */,
				932DAC49194A8CA000758B5E /* Controller */,
				932DAC50194A8CA000758B5E /* Model */,
				932DAC59194A8CA000758B5E /* Utility */,
				932DAC4C194A8CA000758B5E /* CustomCell */,
				93B7F65219479AD60034D19B /* Images.xcassets */,
				93B7F64119479AD60034D19B /* Supporting Files */,
			);
			path = FashionApp;
			sourceTree = "<group>";
		};
		93B7F64119479AD60034D19B /* Supporting Files */ = {
			isa = PBXGroup;
			children = (
				93B7F64219479AD60034D19B /* FashionKred-Info.plist */,
				93B7F64319479AD60034D19B /* InfoPlist.strings */,
				93B7F64619479AD60034D19B /* main.m */,
				932738FB1962A2EA00233733 /* FashionKred-Prefix.pch */,
				932DAC67194A93E500758B5E /* License.txt */,
			);
			name = "Supporting Files";
			sourceTree = "<group>";
		};
/* End PBXGroup section */

/* Begin PBXNativeTarget section */
		93B7F63619479AD60034D19B /* FashionKred */ = {
			isa = PBXNativeTarget;
			buildConfigurationList = 93B7F66919479AD60034D19B /* Build configuration list for PBXNativeTarget "FashionKred" */;
			buildPhases = (
				2258DAA8C75D4ADAA83692CE /* Check Pods Manifest.lock */,
				93B7F63319479AD60034D19B /* Sources */,
				93B7F63419479AD60034D19B /* Frameworks */,
				93B7F63519479AD60034D19B /* Resources */,
				D8E4265DF4024065839246AD /* Copy Pods Resources */,
			);
			buildRules = (
			);
			dependencies = (
			);
			name = FashionKred;
			productName = FashionApp;
			productReference = 93B7F63719479AD60034D19B /* FashionKred.app */;
			productType = "com.apple.product-type.application";
		};
/* End PBXNativeTarget section */

/* Begin PBXProject section */
		93B7F62F19479AD60034D19B /* Project object */ = {
			isa = PBXProject;
			attributes = {
				LastUpgradeCheck = 0510;
				ORGANIZATIONNAME = "Dhwanil Karwa";
			};
			buildConfigurationList = 93B7F63219479AD60034D19B /* Build configuration list for PBXProject "FashionKred" */;
			compatibilityVersion = "Xcode 3.2";
			developmentRegion = English;
			hasScannedForEncodings = 0;
			knownRegions = (
				en,
				Base,
			);
			mainGroup = 93B7F62E19479AD60034D19B;
			productRefGroup = 93B7F63819479AD60034D19B /* Products */;
			projectDirPath = "";
			projectRoot = "";
			targets = (
				93B7F63619479AD60034D19B /* FashionKred */,
			);
		};
/* End PBXProject section */

/* Begin PBXResourcesBuildPhase section */
		93B7F63519479AD60034D19B /* Resources */ = {
			isa = PBXResourcesBuildPhase;
			buildActionMask = 2147483647;
			files = (
				93B7F65319479AD60034D19B /* Images.xcassets in Resources */,
				93B7F64519479AD60034D19B /* InfoPlist.strings in Resources */,
				932DAC68194A93E500758B5E /* License.txt in Resources */,
				932DAC60194A8CA000758B5E /* LookCell.xib in Resources */,
				93B7F64E19479AD60034D19B /* Main.storyboard in Resources */,
			);
			runOnlyForDeploymentPostprocessing = 0;
		};
/* End PBXResourcesBuildPhase section */

/* Begin PBXShellScriptBuildPhase section */
		2258DAA8C75D4ADAA83692CE /* Check Pods Manifest.lock */ = {
			isa = PBXShellScriptBuildPhase;
			buildActionMask = 2147483647;
			files = (
			);
			inputPaths = (
			);
			name = "Check Pods Manifest.lock";
			outputPaths = (
			);
			runOnlyForDeploymentPostprocessing = 0;
			shellPath = /bin/sh;
			shellScript = "diff \"${PODS_ROOT}/../Podfile.lock\" \"${PODS_ROOT}/Manifest.lock\" > /dev/null\nif [[ $? != 0 ]] ; then\n    cat << EOM\nerror: The sandbox is not in sync with the Podfile.lock. Run 'pod install' or update your CocoaPods installation.\nEOM\n    exit 1\nfi\n";
			showEnvVarsInLog = 0;
		};
		D8E4265DF4024065839246AD /* Copy Pods Resources */ = {
			isa = PBXShellScriptBuildPhase;
			buildActionMask = 2147483647;
			files = (
			);
			inputPaths = (
			);
			name = "Copy Pods Resources";
			outputPaths = (
			);
			runOnlyForDeploymentPostprocessing = 0;
			shellPath = /bin/sh;
			shellScript = "\"${SRCROOT}/Pods/Pods-FashionKred-resources.sh\"\n";
			showEnvVarsInLog = 0;
		};
/* End PBXShellScriptBuildPhase section */

/* Begin PBXSourcesBuildPhase section */
		93B7F63319479AD60034D19B /* Sources */ = {
			isa = PBXSourcesBuildPhase;
			buildActionMask = 2147483647;
			files = (
				932DAC61194A8CA000758B5E /* FHUserLook.m in Sources */,
				932DAC65194A8CA000758B5E /* GetLooksClient.m in Sources */,
				932DAC5E194A8CA000758B5E /* FHLooksViewController.m in Sources */,
				93B7F64B19479AD60034D19B /* AppDelegate.m in Sources */,
				932DAC62194A8CA000758B5E /* FHLookCreator.m in Sources */,
				932DAC5F194A8CA000758B5E /* LookCell.m in Sources */,
				932DAC64194A8CA000758B5E /* FHProduct.m in Sources */,
				932DAC66194A8CA000758B5E /* LookParser.m in Sources */,
				93B7F64719479AD60034D19B /* main.m in Sources */,
				932DAC63194A8CA000758B5E /* FHLookTag.m in Sources */,
			);
			runOnlyForDeploymentPostprocessing = 0;
		};
/* End PBXSourcesBuildPhase section */

/* Begin PBXVariantGroup section */
		93B7F64319479AD60034D19B /* InfoPlist.strings */ = {
			isa = PBXVariantGroup;
			children = (
				93B7F64419479AD60034D19B /* en */,
			);
			name = InfoPlist.strings;
			sourceTree = "<group>";
		};
		93B7F64C19479AD60034D19B /* Main.storyboard */ = {
			isa = PBXVariantGroup;
			children = (
				93B7F64D19479AD60034D19B /* Base */,
			);
			name = Main.storyboard;
			sourceTree = "<group>";
		};
/* End PBXVariantGroup section */

/* Begin XCBuildConfiguration section */
		93B7F66719479AD60034D19B /* Debug */ = {
			isa = XCBuildConfiguration;
			buildSettings = {
				ALWAYS_SEARCH_USER_PATHS = NO;
				CLANG_CXX_LANGUAGE_STANDARD = "gnu++0x";
				CLANG_CXX_LIBRARY = "libc++";
				CLANG_ENABLE_MODULES = YES;
				CLANG_ENABLE_OBJC_ARC = YES;
				CLANG_WARN_BOOL_CONVERSION = YES;
				CLANG_WARN_CONSTANT_CONVERSION = YES;
				CLANG_WARN_DIRECT_OBJC_ISA_USAGE = YES_ERROR;
				CLANG_WARN_EMPTY_BODY = YES;
				CLANG_WARN_ENUM_CONVERSION = YES;
				CLANG_WARN_INT_CONVERSION = YES;
				CLANG_WARN_OBJC_ROOT_CLASS = YES_ERROR;
				CLANG_WARN__DUPLICATE_METHOD_MATCH = YES;
				"CODE_SIGN_IDENTITY[sdk=iphoneos*]" = "iPhone Developer";
				COPY_PHASE_STRIP = NO;
				GCC_C_LANGUAGE_STANDARD = gnu99;
				GCC_DYNAMIC_NO_PIC = NO;
				GCC_OPTIMIZATION_LEVEL = 0;
				GCC_PREPROCESSOR_DEFINITIONS = (
					"DEBUG=1",
					"$(inherited)",
				);
				GCC_SYMBOLS_PRIVATE_EXTERN = NO;
				GCC_WARN_64_TO_32_BIT_CONVERSION = YES;
				GCC_WARN_ABOUT_RETURN_TYPE = YES_ERROR;
				GCC_WARN_UNDECLARED_SELECTOR = YES;
				GCC_WARN_UNINITIALIZED_AUTOS = YES_AGGRESSIVE;
				GCC_WARN_UNUSED_FUNCTION = YES;
				GCC_WARN_UNUSED_VARIABLE = YES;
				IPHONEOS_DEPLOYMENT_TARGET = 7.1;
				ONLY_ACTIVE_ARCH = YES;
				SDKROOT = iphoneos;
				TARGETED_DEVICE_FAMILY = 2;
			};
			name = Debug;
		};
		93B7F66819479AD60034D19B /* Release */ = {
			isa = XCBuildConfiguration;
			buildSettings = {
				ALWAYS_SEARCH_USER_PATHS = NO;
				CLANG_CXX_LANGUAGE_STANDARD = "gnu++0x";
				CLANG_CXX_LIBRARY = "libc++";
				CLANG_ENABLE_MODULES = YES;
				CLANG_ENABLE_OBJC_ARC = YES;
				CLANG_WARN_BOOL_CONVERSION = YES;
				CLANG_WARN_CONSTANT_CONVERSION = YES;
				CLANG_WARN_DIRECT_OBJC_ISA_USAGE = YES_ERROR;
				CLANG_WARN_EMPTY_BODY = YES;
				CLANG_WARN_ENUM_CONVERSION = YES;
				CLANG_WARN_INT_CONVERSION = YES;
				CLANG_WARN_OBJC_ROOT_CLASS = YES_ERROR;
				CLANG_WARN__DUPLICATE_METHOD_MATCH = YES;
				"CODE_SIGN_IDENTITY[sdk=iphoneos*]" = "iPhone Developer";
				COPY_PHASE_STRIP = YES;
				ENABLE_NS_ASSERTIONS = NO;
				GCC_C_LANGUAGE_STANDARD = gnu99;
				GCC_WARN_64_TO_32_BIT_CONVERSION = YES;
				GCC_WARN_ABOUT_RETURN_TYPE = YES_ERROR;
				GCC_WARN_UNDECLARED_SELECTOR = YES;
				GCC_WARN_UNINITIALIZED_AUTOS = YES_AGGRESSIVE;
				GCC_WARN_UNUSED_FUNCTION = YES;
				GCC_WARN_UNUSED_VARIABLE = YES;
				IPHONEOS_DEPLOYMENT_TARGET = 7.1;
				SDKROOT = iphoneos;
				TARGETED_DEVICE_FAMILY = 2;
				VALIDATE_PRODUCT = YES;
			};
			name = Release;
		};
		93B7F66A19479AD60034D19B /* Debug */ = {
			isa = XCBuildConfiguration;
			baseConfigurationReference = FF68B2B3E32B43588D0A239E /* Pods-FashionKred.xcconfig */;
			buildSettings = {
				ASSETCATALOG_COMPILER_APPICON_NAME = AppIcon;
				ASSETCATALOG_COMPILER_LAUNCHIMAGE_NAME = LaunchImage;
				GCC_PRECOMPILE_PREFIX_HEADER = YES;
				GCC_PREFIX_HEADER = "FashionApp/FashionKred-Prefix.pch";
				INFOPLIST_FILE = "FashionApp/FashionKred-Info.plist";
				PRODUCT_NAME = FashionKred;
				WRAPPER_EXTENSION = app;
			};
			name = Debug;
		};
		93B7F66B19479AD60034D19B /* Release */ = {
			isa = XCBuildConfiguration;
			baseConfigurationReference = FF68B2B3E32B43588D0A239E /* Pods-FashionKred.xcconfig */;
			buildSettings = {
				ASSETCATALOG_COMPILER_APPICON_NAME = AppIcon;
				ASSETCATALOG_COMPILER_LAUNCHIMAGE_NAME = LaunchImage;
				GCC_PRECOMPILE_PREFIX_HEADER = YES;
				GCC_PREFIX_HEADER = "FashionApp/FashionKred-Prefix.pch";
				INFOPLIST_FILE = "FashionApp/FashionKred-Info.plist";
				PRODUCT_NAME = FashionKred;
				WRAPPER_EXTENSION = app;
			};
			name = Release;
		};
/* End XCBuildConfiguration section */

/* Begin XCConfigurationList section */
		93B7F63219479AD60034D19B /* Build configuration list for PBXProject "FashionKred" */ = {
			isa = XCConfigurationList;
			buildConfigurations = (
				93B7F66719479AD60034D19B /* Debug */,
				93B7F66819479AD60034D19B /* Release */,
			);
			defaultConfigurationIsVisible = 0;
			defaultConfigurationName = Release;
		};
		93B7F66919479AD60034D19B /* Build configuration list for PBXNativeTarget "FashionKred" */ = {
			isa = XCConfigurationList;
			buildConfigurations = (
				93B7F66A19479AD60034D19B /* Debug */,
				93B7F66B19479AD60034D19B /* Release */,
			);
			defaultConfigurationIsVisible = 0;
			defaultConfigurationName = Release;
		};
/* End XCConfigurationList section */
	};
	rootObject = 93B7F62F19479AD60034D19B /* Project object */;
}
